
Microsoft Visual Studio Solution File, Format Version 12.00
# Visual Studio 15
VisualStudioVersion = 15.0.26124.0
MinimumVisualStudioVersion = 15.0.26124.0
Project("{FAE04EC0-301F-11D3-BF4B-00C04F79EFBC}") = "Proagil.api", "Proagil.api\Proagil.api.csproj", "{46BF922D-535F-4325-BDA1-FB85267B012C}"
EndProject
Project("{FAE04EC0-301F-11D3-BF4B-00C04F79EFBC}") = "ProAgil.Repository", "ProAgil.Repository\ProAgil.Repository.csproj", "{25C814E4-B349-463A-AB52-B26546D24B3F}"
EndProject
Project("{FAE04EC0-301F-11D3-BF4B-00C04F79EFBC}") = "ProAgil.Domain", "ProAgil.Domain\ProAgil.Domain.csproj", "{2AB6B869-F282-4B52-9EDD-6B4C16D694BC}"
EndProject
Global
	GlobalSection(SolutionConfigurationPlatforms) = preSolution
		Debug|Any CPU = Debug|Any CPU
		Debug|x64 = Debug|x64
		Debug|x86 = Debug|x86
		Release|Any CPU = Release|Any CPU
		Release|x64 = Release|x64
		Release|x86 = Release|x86
	EndGlobalSection
	GlobalSection(SolutionProperties) = preSolution
		HideSolutionNode = FALSE
	EndGlobalSection
	GlobalSection(ProjectConfigurationPlatforms) = postSolution
		{46BF922D-535F-4325-BDA1-FB85267B012C}.Debug|Any CPU.ActiveCfg = Debug|Any CPU
		{46BF922D-535F-4325-BDA1-FB85267B012C}.Debug|Any CPU.Build.0 = Debug|Any CPU
		{46BF922D-535F-4325-BDA1-FB85267B012C}.Debug|x64.ActiveCfg = Debug|Any CPU
		{46BF922D-535F-4325-BDA1-FB85267B012C}.Debug|x64.Build.0 = Debug|Any CPU
		{46BF922D-535F-4325-BDA1-FB85267B012C}.Debug|x86.ActiveCfg = Debug|Any CPU
		{46BF922D-535F-4325-BDA1-FB85267B012C}.Debug|x86.Build.0 = Debug|Any CPU
		{46BF922D-535F-4325-BDA1-FB85267B012C}.Release|Any CPU.ActiveCfg = Release|Any CPU
		{46BF922D-535F-4325-BDA1-FB85267B012C}.Release|Any CPU.Build.0 = Release|Any CPU
		{46BF922D-535F-4325-BDA1-FB85267B012C}.Release|x64.ActiveCfg = Release|Any CPU
		{46BF922D-535F-4325-BDA1-FB85267B012C}.Release|x64.Build.0 = Release|Any CPU
		{46BF922D-535F-4325-BDA1-FB85267B012C}.Release|x86.ActiveCfg = Release|Any CPU
		{46BF922D-535F-4325-BDA1-FB85267B012C}.Release|x86.Build.0 = Release|Any CPU
		{25C814E4-B349-463A-AB52-B26546D24B3F}.Debug|Any CPU.ActiveCfg = Debug|Any CPU
		{25C814E4-B349-463A-AB52-B26546D24B3F}.Debug|Any CPU.Build.0 = Debug|Any CPU
		{25C814E4-B349-463A-AB52-B26546D24B3F}.Debug|x64.ActiveCfg = Debug|Any CPU
		{25C814E4-B349-463A-AB52-B26546D24B3F}.Debug|x64.Build.0 = Debug|Any CPU
		{25C814E4-B349-463A-AB52-B26546D24B3F}.Debug|x86.ActiveCfg = Debug|Any CPU
		{25C814E4-B349-463A-AB52-B26546D24B3F}.Debug|x86.Build.0 = Debug|Any CPU
		{25C814E4-B349-463A-AB52-B26546D24B3F}.Release|Any CPU.ActiveCfg = Release|Any CPU
		{25C814E4-B349-463A-AB52-B26546D24B3F}.Release|Any CPU.Build.0 = Release|Any CPU
		{25C814E4-B349-463A-AB52-B26546D24B3F}.Release|x64.ActiveCfg = Release|Any CPU
		{25C814E4-B349-463A-AB52-B26546D24B3F}.Release|x64.Build.0 = Release|Any CPU
		{25C814E4-B349-463A-AB52-B26546D24B3F}.Release|x86.ActiveCfg = Release|Any CPU
		{25C814E4-B349-463A-AB52-B26546D24B3F}.Release|x86.Build.0 = Release|Any CPU
		{2AB6B869-F282-4B52-9EDD-6B4C16D694BC}.Debug|Any CPU.ActiveCfg = Debug|Any CPU
		{2AB6B869-F282-4B52-9EDD-6B4C16D694BC}.Debug|Any CPU.Build.0 = Debug|Any CPU
		{2AB6B869-F282-4B52-9EDD-6B4C16D694BC}.Debug|x64.ActiveCfg = Debug|Any CPU
		{2AB6B869-F282-4B52-9EDD-6B4C16D694BC}.Debug|x64.Build.0 = Debug|Any CPU
		{2AB6B869-F282-4B52-9EDD-6B4C16D694BC}.Debug|x86.ActiveCfg = Debug|Any CPU
		{2AB6B869-F282-4B52-9EDD-6B4C16D694BC}.Debug|x86.Build.0 = Debug|Any CPU
		{2AB6B869-F282-4B52-9EDD-6B4C16D694BC}.Release|Any CPU.ActiveCfg = Release|Any CPU
		{2AB6B869-F282-4B52-9EDD-6B4C16D694BC}.Release|Any CPU.Build.0 = Release|Any CPU
		{2AB6B869-F282-4B52-9EDD-6B4C16D694BC}.Release|x64.ActiveCfg = Release|Any CPU
		{2AB6B869-F282-4B52-9EDD-6B4C16D694BC}.Release|x64.Build.0 = Release|Any CPU
		{2AB6B869-F282-4B52-9EDD-6B4C16D694BC}.Release|x86.ActiveCfg = Release|Any CPU
		{2AB6B869-F282-4B52-9EDD-6B4C16D694BC}.Release|x86.Build.0 = Release|Any CPU
	EndGlobalSection
EndGlobal
